// !$*UTF8*$!
{
	archiveVersion = 1;
	classes = {
	};
	objectVersion = 52;
	objects = {

/* Begin PBXBuildFile section */
		630C930E236E0E88003396F8 /* Applicable.swift in Sources */ = {isa = PBXBuildFile; fileRef = 630C930D236E0E88003396F8 /* Applicable.swift */; };
		630C9310236E0F49003396F8 /* Colors.swift in Sources */ = {isa = PBXBuildFile; fileRef = 630C930F236E0F49003396F8 /* Colors.swift */; };
		630C9312236EFFD8003396F8 /* Required.swift in Sources */ = {isa = PBXBuildFile; fileRef = 630C9311236EFFD8003396F8 /* Required.swift */; };
		630C9314236F04C4003396F8 /* Fonts.swift in Sources */ = {isa = PBXBuildFile; fileRef = 630C9313236F04C4003396F8 /* Fonts.swift */; };
		630C9318236F07C5003396F8 /* Nitti WM2 Medium.otf in Resources */ = {isa = PBXBuildFile; fileRef = 630C9316236F07C5003396F8 /* Nitti WM2 Medium.otf */; };
		630C9319236F07C5003396F8 /* Nitti WM2 Light.otf in Resources */ = {isa = PBXBuildFile; fileRef = 630C9317236F07C5003396F8 /* Nitti WM2 Light.otf */; };
		630C931B236F0BA0003396F8 /* TextStyles.swift in Sources */ = {isa = PBXBuildFile; fileRef = 630C931A236F0BA0003396F8 /* TextStyles.swift */; };
		630C9323236F0FFB003396F8 /* StyledLabel.swift in Sources */ = {isa = PBXBuildFile; fileRef = 630C9322236F0FFB003396F8 /* StyledLabel.swift */; };
		630C9325236F101B003396F8 /* TitleLabel.swift in Sources */ = {isa = PBXBuildFile; fileRef = 630C9324236F101B003396F8 /* TitleLabel.swift */; };
		630C9327236F108C003396F8 /* ContentLabel.swift in Sources */ = {isa = PBXBuildFile; fileRef = 630C9326236F108C003396F8 /* ContentLabel.swift */; };
		630C9329236F10A5003396F8 /* HighlightedLabel.swift in Sources */ = {isa = PBXBuildFile; fileRef = 630C9328236F10A5003396F8 /* HighlightedLabel.swift */; };
		630C932B236F10CD003396F8 /* CaptionLabel.swift in Sources */ = {isa = PBXBuildFile; fileRef = 630C932A236F10CD003396F8 /* CaptionLabel.swift */; };
		630C932D236F10E4003396F8 /* HighlightedCaptionLabel.swift in Sources */ = {isa = PBXBuildFile; fileRef = 630C932C236F10E4003396F8 /* HighlightedCaptionLabel.swift */; };
		630C932F236F12BD003396F8 /* NormalButton.swift in Sources */ = {isa = PBXBuildFile; fileRef = 630C932E236F12BD003396F8 /* NormalButton.swift */; };
		630C9332236F1561003396F8 /* MainMenuViewController.swift in Sources */ = {isa = PBXBuildFile; fileRef = 630C9331236F1561003396F8 /* MainMenuViewController.swift */; };
		630C9336236F170A003396F8 /* UIView+NibLoadAndAdd.swift in Sources */ = {isa = PBXBuildFile; fileRef = 630C9334236F170A003396F8 /* UIView+NibLoadAndAdd.swift */; };
		630C9337236F170A003396F8 /* UIView+Layout.swift in Sources */ = {isa = PBXBuildFile; fileRef = 630C9335236F170A003396F8 /* UIView+Layout.swift */; };
		630C933B236F24A6003396F8 /* BaseViewController.swift in Sources */ = {isa = PBXBuildFile; fileRef = 630C933A236F24A6003396F8 /* BaseViewController.swift */; };
		630C933D236F25E4003396F8 /* MainMenuItem.swift in Sources */ = {isa = PBXBuildFile; fileRef = 630C933C236F25E4003396F8 /* MainMenuItem.swift */; };
		630C9340236F27A3003396F8 /* ActionButton.swift in Sources */ = {isa = PBXBuildFile; fileRef = 630C933F236F27A3003396F8 /* ActionButton.swift */; };
		630C9342236F2D24003396F8 /* Localization.swift in Sources */ = {isa = PBXBuildFile; fileRef = 630C9341236F2D24003396F8 /* Localization.swift */; };
		630C9344236F4380003396F8 /* MainMenu.storyboard in Resources */ = {isa = PBXBuildFile; fileRef = 630C9343236F4380003396F8 /* MainMenu.storyboard */; };
		630DA67C236CDF440066DDE6 /* AppDelegate.swift in Sources */ = {isa = PBXBuildFile; fileRef = 630DA67B236CDF440066DDE6 /* AppDelegate.swift */; };
		630DA693236CE52D0066DDE6 /* Assets.xcassets in Resources */ = {isa = PBXBuildFile; fileRef = 630DA681236CDF450066DDE6 /* Assets.xcassets */; };
		630DA694236CE52E0066DDE6 /* LaunchScreen.storyboard in Resources */ = {isa = PBXBuildFile; fileRef = 630DA686236CDF450066DDE6 /* LaunchScreen.storyboard */; };
		630DA695236CE53E0066DDE6 /* Preview Assets.xcassets in Resources */ = {isa = PBXBuildFile; fileRef = 630DA684236CDF450066DDE6 /* Preview Assets.xcassets */; };
		630DA698236CE6770066DDE6 /* ApplicationFlow.swift in Sources */ = {isa = PBXBuildFile; fileRef = 630DA697236CE6770066DDE6 /* ApplicationFlow.swift */; };
		630DA69B236CE93F0066DDE6 /* MainMenuFlow.swift in Sources */ = {isa = PBXBuildFile; fileRef = 630DA69A236CE93F0066DDE6 /* MainMenuFlow.swift */; };
		630DA6AB236DF6080066DDE6 /* ConfigurationParameters.swift in Sources */ = {isa = PBXBuildFile; fileRef = 630DA6AA236DF6080066DDE6 /* ConfigurationParameters.swift */; };
		630DA6B0236DF9D30066DDE6 /* Dependencies.swift in Sources */ = {isa = PBXBuildFile; fileRef = 630DA6AF236DF9D30066DDE6 /* Dependencies.swift */; };
		630DA6B2236DF9E30066DDE6 /* Configurator.swift in Sources */ = {isa = PBXBuildFile; fileRef = 630DA6B1236DF9E30066DDE6 /* Configurator.swift */; };
		630DA6B5236DFBB80066DDE6 /* Legacy in Frameworks */ = {isa = PBXBuildFile; productRef = 630DA6B4236DFBB80066DDE6 /* Legacy */; };
		630DA6B9236DFF990066DDE6 /* SettingsService.swift in Sources */ = {isa = PBXBuildFile; fileRef = 630DA6B8236DFF990066DDE6 /* SettingsService.swift */; };
		630DA6BB236DFFBA0066DDE6 /* UserDefaultsSettingsService.swift in Sources */ = {isa = PBXBuildFile; fileRef = 630DA6BA236DFFB90066DDE6 /* UserDefaultsSettingsService.swift */; };
		630DA6BD236E00650066DDE6 /* ContainerBuilder.swift in Sources */ = {isa = PBXBuildFile; fileRef = 630DA6BC236E00650066DDE6 /* ContainerBuilder.swift */; };
		630DA6BF236E01490066DDE6 /* MockConfigurator.swift in Sources */ = {isa = PBXBuildFile; fileRef = 630DA6BE236E01490066DDE6 /* MockConfigurator.swift */; };
		630DA6C1236E02190066DDE6 /* NetworkConfigurator.swift in Sources */ = {isa = PBXBuildFile; fileRef = 630DA6C0236E02190066DDE6 /* NetworkConfigurator.swift */; };
		63C341BC23BA4E3000F87946 /* StyledButton.swift in Sources */ = {isa = PBXBuildFile; fileRef = 63C341BB23BA4E3000F87946 /* StyledButton.swift */; };
		63C341BE23BA51E900F87946 /* Localizable.strings in Resources */ = {isa = PBXBuildFile; fileRef = 63C341BD23BA51E900F87946 /* Localizable.strings */; };
/* End PBXBuildFile section */

/* Begin PBXFileReference section */
		630C930D236E0E88003396F8 /* Applicable.swift */ = {isa = PBXFileReference; lastKnownFileType = sourcecode.swift; path = Applicable.swift; sourceTree = "<group>"; };
		630C930F236E0F49003396F8 /* Colors.swift */ = {isa = PBXFileReference; lastKnownFileType = sourcecode.swift; path = Colors.swift; sourceTree = "<group>"; };
		630C9311236EFFD8003396F8 /* Required.swift */ = {isa = PBXFileReference; lastKnownFileType = sourcecode.swift; path = Required.swift; sourceTree = "<group>"; };
		630C9313236F04C4003396F8 /* Fonts.swift */ = {isa = PBXFileReference; lastKnownFileType = sourcecode.swift; path = Fonts.swift; sourceTree = "<group>"; };
		630C9316236F07C5003396F8 /* Nitti WM2 Medium.otf */ = {isa = PBXFileReference; lastKnownFileType = file; path = "Nitti WM2 Medium.otf"; sourceTree = "<group>"; };
		630C9317236F07C5003396F8 /* Nitti WM2 Light.otf */ = {isa = PBXFileReference; lastKnownFileType = file; path = "Nitti WM2 Light.otf"; sourceTree = "<group>"; };
		630C931A236F0BA0003396F8 /* TextStyles.swift */ = {isa = PBXFileReference; lastKnownFileType = sourcecode.swift; path = TextStyles.swift; sourceTree = "<group>"; };
		630C9322236F0FFB003396F8 /* StyledLabel.swift */ = {isa = PBXFileReference; lastKnownFileType = sourcecode.swift; path = StyledLabel.swift; sourceTree = "<group>"; };
		630C9324236F101B003396F8 /* TitleLabel.swift */ = {isa = PBXFileReference; lastKnownFileType = sourcecode.swift; path = TitleLabel.swift; sourceTree = "<group>"; };
		630C9326236F108C003396F8 /* ContentLabel.swift */ = {isa = PBXFileReference; lastKnownFileType = sourcecode.swift; path = ContentLabel.swift; sourceTree = "<group>"; };
		630C9328236F10A5003396F8 /* HighlightedLabel.swift */ = {isa = PBXFileReference; lastKnownFileType = sourcecode.swift; path = HighlightedLabel.swift; sourceTree = "<group>"; };
		630C932A236F10CD003396F8 /* CaptionLabel.swift */ = {isa = PBXFileReference; lastKnownFileType = sourcecode.swift; path = CaptionLabel.swift; sourceTree = "<group>"; };
		630C932C236F10E4003396F8 /* HighlightedCaptionLabel.swift */ = {isa = PBXFileReference; lastKnownFileType = sourcecode.swift; path = HighlightedCaptionLabel.swift; sourceTree = "<group>"; };
		630C932E236F12BD003396F8 /* NormalButton.swift */ = {isa = PBXFileReference; lastKnownFileType = sourcecode.swift; path = NormalButton.swift; sourceTree = "<group>"; };
		630C9331236F1561003396F8 /* MainMenuViewController.swift */ = {isa = PBXFileReference; lastKnownFileType = sourcecode.swift; path = MainMenuViewController.swift; sourceTree = "<group>"; };
		630C9334236F170A003396F8 /* UIView+NibLoadAndAdd.swift */ = {isa = PBXFileReference; fileEncoding = 4; lastKnownFileType = sourcecode.swift; path = "UIView+NibLoadAndAdd.swift"; sourceTree = "<group>"; };
		630C9335236F170A003396F8 /* UIView+Layout.swift */ = {isa = PBXFileReference; fileEncoding = 4; lastKnownFileType = sourcecode.swift; path = "UIView+Layout.swift"; sourceTree = "<group>"; };
		630C933A236F24A6003396F8 /* BaseViewController.swift */ = {isa = PBXFileReference; lastKnownFileType = sourcecode.swift; path = BaseViewController.swift; sourceTree = "<group>"; };
		630C933C236F25E4003396F8 /* MainMenuItem.swift */ = {isa = PBXFileReference; lastKnownFileType = sourcecode.swift; path = MainMenuItem.swift; sourceTree = "<group>"; };
		630C933F236F27A3003396F8 /* ActionButton.swift */ = {isa = PBXFileReference; lastKnownFileType = sourcecode.swift; path = ActionButton.swift; sourceTree = "<group>"; };
		630C9341236F2D24003396F8 /* Localization.swift */ = {isa = PBXFileReference; lastKnownFileType = sourcecode.swift; path = Localization.swift; sourceTree = "<group>"; };
		630C9343236F4380003396F8 /* MainMenu.storyboard */ = {isa = PBXFileReference; lastKnownFileType = file.storyboard; path = MainMenu.storyboard; sourceTree = "<group>"; };
		630DA678236CDF440066DDE6 /* RMRSpb.app */ = {isa = PBXFileReference; explicitFileType = wrapper.application; includeInIndex = 0; path = RMRSpb.app; sourceTree = BUILT_PRODUCTS_DIR; };
		630DA67B236CDF440066DDE6 /* AppDelegate.swift */ = {isa = PBXFileReference; lastKnownFileType = sourcecode.swift; path = AppDelegate.swift; sourceTree = "<group>"; };
		630DA681236CDF450066DDE6 /* Assets.xcassets */ = {isa = PBXFileReference; lastKnownFileType = folder.assetcatalog; path = Assets.xcassets; sourceTree = "<group>"; };
		630DA684236CDF450066DDE6 /* Preview Assets.xcassets */ = {isa = PBXFileReference; lastKnownFileType = folder.assetcatalog; path = "Preview Assets.xcassets"; sourceTree = "<group>"; };
		630DA687236CDF450066DDE6 /* Base */ = {isa = PBXFileReference; lastKnownFileType = file.storyboard; name = Base; path = Base.lproj/LaunchScreen.storyboard; sourceTree = "<group>"; };
		630DA690236CE4E20066DDE6 /* Info.plist */ = {isa = PBXFileReference; fileEncoding = 4; lastKnownFileType = text.plist.xml; path = Info.plist; sourceTree = "<group>"; };
		630DA697236CE6770066DDE6 /* ApplicationFlow.swift */ = {isa = PBXFileReference; lastKnownFileType = sourcecode.swift; path = ApplicationFlow.swift; sourceTree = "<group>"; };
		630DA69A236CE93F0066DDE6 /* MainMenuFlow.swift */ = {isa = PBXFileReference; lastKnownFileType = sourcecode.swift; path = MainMenuFlow.swift; sourceTree = "<group>"; };
		630DA69E236DF0C10066DDE6 /* Dev.xcconfig */ = {isa = PBXFileReference; lastKnownFileType = text.xcconfig; path = Dev.xcconfig; sourceTree = "<group>"; };
		630DA69F236DF0EC0066DDE6 /* Mock.xcconfig */ = {isa = PBXFileReference; lastKnownFileType = text.xcconfig; path = Mock.xcconfig; sourceTree = "<group>"; };
		630DA6A0236DF0FD0066DDE6 /* Prod.xcconfig */ = {isa = PBXFileReference; lastKnownFileType = text.xcconfig; path = Prod.xcconfig; sourceTree = "<group>"; };
		630DA6A1236DF1E50066DDE6 /* Dev.entitlements */ = {isa = PBXFileReference; lastKnownFileType = text.plist.entitlements; path = Dev.entitlements; sourceTree = "<group>"; };
		630DA6A2236DF2040066DDE6 /* Mock.entitlements */ = {isa = PBXFileReference; lastKnownFileType = text.plist.entitlements; path = Mock.entitlements; sourceTree = "<group>"; };
		630DA6A3236DF2180066DDE6 /* Prod.entitlements */ = {isa = PBXFileReference; lastKnownFileType = text.plist.entitlements; path = Prod.entitlements; sourceTree = "<group>"; };
		630DA6AA236DF6080066DDE6 /* ConfigurationParameters.swift */ = {isa = PBXFileReference; lastKnownFileType = sourcecode.swift; path = ConfigurationParameters.swift; sourceTree = "<group>"; };
		630DA6AF236DF9D30066DDE6 /* Dependencies.swift */ = {isa = PBXFileReference; lastKnownFileType = sourcecode.swift; path = Dependencies.swift; sourceTree = "<group>"; };
		630DA6B1236DF9E30066DDE6 /* Configurator.swift */ = {isa = PBXFileReference; lastKnownFileType = sourcecode.swift; path = Configurator.swift; sourceTree = "<group>"; };
		630DA6B8236DFF990066DDE6 /* SettingsService.swift */ = {isa = PBXFileReference; lastKnownFileType = sourcecode.swift; path = SettingsService.swift; sourceTree = "<group>"; };
		630DA6BA236DFFB90066DDE6 /* UserDefaultsSettingsService.swift */ = {isa = PBXFileReference; lastKnownFileType = sourcecode.swift; path = UserDefaultsSettingsService.swift; sourceTree = "<group>"; };
		630DA6BC236E00650066DDE6 /* ContainerBuilder.swift */ = {isa = PBXFileReference; lastKnownFileType = sourcecode.swift; path = ContainerBuilder.swift; sourceTree = "<group>"; };
		630DA6BE236E01490066DDE6 /* MockConfigurator.swift */ = {isa = PBXFileReference; lastKnownFileType = sourcecode.swift; path = MockConfigurator.swift; sourceTree = "<group>"; };
		630DA6C0236E02190066DDE6 /* NetworkConfigurator.swift */ = {isa = PBXFileReference; lastKnownFileType = sourcecode.swift; path = NetworkConfigurator.swift; sourceTree = "<group>"; };
		63C341BB23BA4E3000F87946 /* StyledButton.swift */ = {isa = PBXFileReference; lastKnownFileType = sourcecode.swift; path = StyledButton.swift; sourceTree = "<group>"; };
		63C341BD23BA51E900F87946 /* Localizable.strings */ = {isa = PBXFileReference; lastKnownFileType = text.plist.strings; path = Localizable.strings; sourceTree = "<group>"; };
/* End PBXFileReference section */

/* Begin PBXFrameworksBuildPhase section */
		630DA675236CDF440066DDE6 /* Frameworks */ = {
			isa = PBXFrameworksBuildPhase;
			buildActionMask = 2147483647;
			files = (
				630DA6B5236DFBB80066DDE6 /* Legacy in Frameworks */,
			);
			runOnlyForDeploymentPostprocessing = 0;
		};
/* End PBXFrameworksBuildPhase section */

/* Begin PBXGroup section */
		630C930A236E0D4D003396F8 /* Common */ = {
			isa = PBXGroup;
			children = (
				630DA6AA236DF6080066DDE6 /* ConfigurationParameters.swift */,
			);
			path = Common;
			sourceTree = "<group>";
		};
		630C930B236E0DC6003396F8 /* Common */ = {
			isa = PBXGroup;
			children = (
				630C933E236F2789003396F8 /* View */,
				630C9339236F2497003396F8 /* Base */,
				630C9333236F16D9003396F8 /* Helpers */,
				630C930C236E0DD4003396F8 /* Style */,
				630C9311236EFFD8003396F8 /* Required.swift */,
			);
			path = Common;
			sourceTree = "<group>";
		};
		630C930C236E0DD4003396F8 /* Style */ = {
			isa = PBXGroup;
			children = (
				630C931C236F0F86003396F8 /* StyledComponents */,
				630C930D236E0E88003396F8 /* Applicable.swift */,
				630C930F236E0F49003396F8 /* Colors.swift */,
				630C9313236F04C4003396F8 /* Fonts.swift */,
				630C931A236F0BA0003396F8 /* TextStyles.swift */,
			);
			path = Style;
			sourceTree = "<group>";
		};
		630C9315236F06E7003396F8 /* Fonts */ = {
			isa = PBXGroup;
			children = (
				630C9317236F07C5003396F8 /* Nitti WM2 Light.otf */,
				630C9316236F07C5003396F8 /* Nitti WM2 Medium.otf */,
			);
			path = Fonts;
			sourceTree = "<group>";
		};
		630C931C236F0F86003396F8 /* StyledComponents */ = {
			isa = PBXGroup;
			children = (
				630C9321236F0FCA003396F8 /* Buttons */,
				630C931F236F0FB1003396F8 /* Labels */,
			);
			path = StyledComponents;
			sourceTree = "<group>";
		};
		630C931F236F0FB1003396F8 /* Labels */ = {
			isa = PBXGroup;
			children = (
				630C9322236F0FFB003396F8 /* StyledLabel.swift */,
				630C9324236F101B003396F8 /* TitleLabel.swift */,
				630C9326236F108C003396F8 /* ContentLabel.swift */,
				630C9328236F10A5003396F8 /* HighlightedLabel.swift */,
				630C932A236F10CD003396F8 /* CaptionLabel.swift */,
				630C932C236F10E4003396F8 /* HighlightedCaptionLabel.swift */,
			);
			path = Labels;
			sourceTree = "<group>";
		};
		630C9321236F0FCA003396F8 /* Buttons */ = {
			isa = PBXGroup;
			children = (
				63C341BB23BA4E3000F87946 /* StyledButton.swift */,
				630C932E236F12BD003396F8 /* NormalButton.swift */,
			);
			path = Buttons;
			sourceTree = "<group>";
		};
		630C9330236F1548003396F8 /* ViewControllers */ = {
			isa = PBXGroup;
			children = (
				630C9331236F1561003396F8 /* MainMenuViewController.swift */,
			);
			path = ViewControllers;
			sourceTree = "<group>";
		};
		630C9333236F16D9003396F8 /* Helpers */ = {
			isa = PBXGroup;
			children = (
				630C9335236F170A003396F8 /* UIView+Layout.swift */,
				630C9334236F170A003396F8 /* UIView+NibLoadAndAdd.swift */,
				630C9341236F2D24003396F8 /* Localization.swift */,
			);
			path = Helpers;
			sourceTree = "<group>";
		};
		630C9338236F22BC003396F8 /* Models */ = {
			isa = PBXGroup;
			children = (
				630C933C236F25E4003396F8 /* MainMenuItem.swift */,
			);
			path = Models;
			sourceTree = "<group>";
		};
		630C9339236F2497003396F8 /* Base */ = {
			isa = PBXGroup;
			children = (
				630C933A236F24A6003396F8 /* BaseViewController.swift */,
			);
			path = Base;
			sourceTree = "<group>";
		};
		630C933E236F2789003396F8 /* View */ = {
			isa = PBXGroup;
			children = (
				630C933F236F27A3003396F8 /* ActionButton.swift */,
			);
			path = View;
			sourceTree = "<group>";
		};
		630DA66F236CDF440066DDE6 = {
			isa = PBXGroup;
			children = (
				630DA67A236CDF440066DDE6 /* RMRSpbPortal */,
				630DA679236CDF440066DDE6 /* Products */,
			);
			sourceTree = "<group>";
		};
		630DA679236CDF440066DDE6 /* Products */ = {
			isa = PBXGroup;
			children = (
				630DA678236CDF440066DDE6 /* RMRSpb.app */,
			);
			name = Products;
			sourceTree = "<group>";
		};
		630DA67A236CDF440066DDE6 /* RMRSpbPortal */ = {
			isa = PBXGroup;
			children = (
				630DA690236CE4E20066DDE6 /* Info.plist */,
				630DA67B236CDF440066DDE6 /* AppDelegate.swift */,
				630C930A236E0D4D003396F8 /* Common */,
				630DA69C236DF0540066DDE6 /* Configuration */,
				630DA696236CE5D80066DDE6 /* Presentation */,
				630DA6AD236DF7FF0066DDE6 /* Services */,
				630DA6AE236DF8120066DDE6 /* Dependencies */,
				630DA68F236CE3D50066DDE6 /* Resources */,
			);
			path = RMRSpbPortal;
			sourceTree = "<group>";
		};
		630DA683236CDF450066DDE6 /* Preview Content */ = {
			isa = PBXGroup;
			children = (
				630DA684236CDF450066DDE6 /* Preview Assets.xcassets */,
			);
			path = "Preview Content";
			sourceTree = "<group>";
		};
		630DA68F236CE3D50066DDE6 /* Resources */ = {
			isa = PBXGroup;
			children = (
				630C9315236F06E7003396F8 /* Fonts */,
				630DA683236CDF450066DDE6 /* Preview Content */,
				630DA681236CDF450066DDE6 /* Assets.xcassets */,
				630DA686236CDF450066DDE6 /* LaunchScreen.storyboard */,
				63C341BD23BA51E900F87946 /* Localizable.strings */,
			);
			path = Resources;
			sourceTree = "<group>";
		};
		630DA696236CE5D80066DDE6 /* Presentation */ = {
			isa = PBXGroup;
			children = (
				630DA697236CE6770066DDE6 /* ApplicationFlow.swift */,
				630C930B236E0DC6003396F8 /* Common */,
				630DA699236CE8790066DDE6 /* MainMenuFlow */,
			);
			path = Presentation;
			sourceTree = "<group>";
		};
		630DA699236CE8790066DDE6 /* MainMenuFlow */ = {
			isa = PBXGroup;
			children = (
				630C9338236F22BC003396F8 /* Models */,
				630C9330236F1548003396F8 /* ViewControllers */,
				630DA69A236CE93F0066DDE6 /* MainMenuFlow.swift */,
				630C9343236F4380003396F8 /* MainMenu.storyboard */,
			);
			path = MainMenuFlow;
			sourceTree = "<group>";
		};
		630DA69C236DF0540066DDE6 /* Configuration */ = {
			isa = PBXGroup;
			children = (
				630DA6A0236DF0FD0066DDE6 /* Prod.xcconfig */,
				630DA6A3236DF2180066DDE6 /* Prod.entitlements */,
				630DA69E236DF0C10066DDE6 /* Dev.xcconfig */,
				630DA6A1236DF1E50066DDE6 /* Dev.entitlements */,
				630DA69F236DF0EC0066DDE6 /* Mock.xcconfig */,
				630DA6A2236DF2040066DDE6 /* Mock.entitlements */,
			);
			path = Configuration;
			sourceTree = "<group>";
		};
		630DA6AD236DF7FF0066DDE6 /* Services */ = {
			isa = PBXGroup;
			children = (
				630DA6B7236DFF8B0066DDE6 /* Settings */,
			);
			path = Services;
			sourceTree = "<group>";
		};
		630DA6AE236DF8120066DDE6 /* Dependencies */ = {
			isa = PBXGroup;
			children = (
				630DA6AF236DF9D30066DDE6 /* Dependencies.swift */,
				630DA6BC236E00650066DDE6 /* ContainerBuilder.swift */,
				630DA6B1236DF9E30066DDE6 /* Configurator.swift */,
				630DA6BE236E01490066DDE6 /* MockConfigurator.swift */,
				630DA6C0236E02190066DDE6 /* NetworkConfigurator.swift */,
			);
			path = Dependencies;
			sourceTree = "<group>";
		};
		630DA6B7236DFF8B0066DDE6 /* Settings */ = {
			isa = PBXGroup;
			children = (
				630DA6B8236DFF990066DDE6 /* SettingsService.swift */,
				630DA6BA236DFFB90066DDE6 /* UserDefaultsSettingsService.swift */,
			);
			path = Settings;
			sourceTree = "<group>";
		};
/* End PBXGroup section */

/* Begin PBXNativeTarget section */
		630DA677236CDF440066DDE6 /* RMRSpbPortal */ = {
			isa = PBXNativeTarget;
			buildConfigurationList = 630DA68C236CDF450066DDE6 /* Build configuration list for PBXNativeTarget "RMRSpbPortal" */;
			buildPhases = (
				630DA6B6236DFEF90066DDE6 /* Fix Swift Package Manager */,
				630DA674236CDF440066DDE6 /* Sources */,
				630DA675236CDF440066DDE6 /* Frameworks */,
				630DA676236CDF440066DDE6 /* Resources */,
			);
			buildRules = (
			);
			dependencies = (
			);
			name = RMRSpbPortal;
			packageProductDependencies = (
				630DA6B4236DFBB80066DDE6 /* Legacy */,
			);
			productName = RMRSpbPortal;
			productReference = 630DA678236CDF440066DDE6 /* RMRSpb.app */;
			productType = "com.apple.product-type.application";
		};
/* End PBXNativeTarget section */

/* Begin PBXProject section */
		630DA670236CDF440066DDE6 /* Project object */ = {
			isa = PBXProject;
			attributes = {
				LastSwiftUpdateCheck = 1120;
				LastUpgradeCheck = 1120;
				ORGANIZATIONNAME = RedMadRobot;
				TargetAttributes = {
					630DA677236CDF440066DDE6 = {
						CreatedOnToolsVersion = 11.2;
					};
				};
			};
			buildConfigurationList = 630DA673236CDF440066DDE6 /* Build configuration list for PBXProject "RMRSpbPortal" */;
			compatibilityVersion = "Xcode 9.3";
			developmentRegion = en;
			hasScannedForEncodings = 0;
			knownRegions = (
				en,
				Base,
			);
			mainGroup = 630DA66F236CDF440066DDE6;
			packageReferences = (
				630DA6B3236DFBB80066DDE6 /* XCRemoteSwiftPackageReference "legacy" */,
			);
			productRefGroup = 630DA679236CDF440066DDE6 /* Products */;
			projectDirPath = "";
			projectRoot = "";
			targets = (
				630DA677236CDF440066DDE6 /* RMRSpbPortal */,
			);
		};
/* End PBXProject section */

/* Begin PBXResourcesBuildPhase section */
		630DA676236CDF440066DDE6 /* Resources */ = {
			isa = PBXResourcesBuildPhase;
			buildActionMask = 2147483647;
			files = (
				630DA693236CE52D0066DDE6 /* Assets.xcassets in Resources */,
				630DA694236CE52E0066DDE6 /* LaunchScreen.storyboard in Resources */,
				630C9344236F4380003396F8 /* MainMenu.storyboard in Resources */,
				63C341BE23BA51E900F87946 /* Localizable.strings in Resources */,
				630C9318236F07C5003396F8 /* Nitti WM2 Medium.otf in Resources */,
				630DA695236CE53E0066DDE6 /* Preview Assets.xcassets in Resources */,
				630C9319236F07C5003396F8 /* Nitti WM2 Light.otf in Resources */,
			);
			runOnlyForDeploymentPostprocessing = 0;
		};
/* End PBXResourcesBuildPhase section */

/* Begin PBXShellScriptBuildPhase section */
		630DA6B6236DFEF90066DDE6 /* Fix Swift Package Manager */ = {
			isa = PBXShellScriptBuildPhase;
			buildActionMask = 2147483647;
			files = (
			);
			inputFileListPaths = (
			);
			inputPaths = (
			);
			name = "Fix Swift Package Manager";
			outputFileListPaths = (
			);
			outputPaths = (
			);
			runOnlyForDeploymentPostprocessing = 0;
			shellPath = /bin/sh;
			shellScript = "if [ -d \"${SYMROOT}/Release${EFFECTIVE_PLATFORM_NAME}/\" ] && [ \"${SYMROOT}/Release${EFFECTIVE_PLATFORM_NAME}/\" != \"${SYMROOT}/${CONFIGURATION}${EFFECTIVE_PLATFORM_NAME}/\" ] \nthen\n  cp -f -R \"${SYMROOT}/Release${EFFECTIVE_PLATFORM_NAME}/\" \"${SYMROOT}/${CONFIGURATION}${EFFECTIVE_PLATFORM_NAME}/\"\nfi\n";
		};
/* End PBXShellScriptBuildPhase section */

/* Begin PBXSourcesBuildPhase section */
		630DA674236CDF440066DDE6 /* Sources */ = {
			isa = PBXSourcesBuildPhase;
			buildActionMask = 2147483647;
			files = (
				630C9332236F1561003396F8 /* MainMenuViewController.swift in Sources */,
				630DA6AB236DF6080066DDE6 /* ConfigurationParameters.swift in Sources */,
				630C9314236F04C4003396F8 /* Fonts.swift in Sources */,
				630DA6BD236E00650066DDE6 /* ContainerBuilder.swift in Sources */,
				630C9340236F27A3003396F8 /* ActionButton.swift in Sources */,
				630DA698236CE6770066DDE6 /* ApplicationFlow.swift in Sources */,
				630C933B236F24A6003396F8 /* BaseViewController.swift in Sources */,
				630C931B236F0BA0003396F8 /* TextStyles.swift in Sources */,
				630DA69B236CE93F0066DDE6 /* MainMenuFlow.swift in Sources */,
				630DA6BF236E01490066DDE6 /* MockConfigurator.swift in Sources */,
				630DA6C1236E02190066DDE6 /* NetworkConfigurator.swift in Sources */,
				630C9312236EFFD8003396F8 /* Required.swift in Sources */,
				630DA6B0236DF9D30066DDE6 /* Dependencies.swift in Sources */,
				630C9329236F10A5003396F8 /* HighlightedLabel.swift in Sources */,
				630C9323236F0FFB003396F8 /* StyledLabel.swift in Sources */,
				630DA6B2236DF9E30066DDE6 /* Configurator.swift in Sources */,
				630C9327236F108C003396F8 /* ContentLabel.swift in Sources */,
				63C341BC23BA4E3000F87946 /* StyledButton.swift in Sources */,
				630C9310236E0F49003396F8 /* Colors.swift in Sources */,
				630C930E236E0E88003396F8 /* Applicable.swift in Sources */,
				630C932F236F12BD003396F8 /* NormalButton.swift in Sources */,
				630DA6B9236DFF990066DDE6 /* SettingsService.swift in Sources */,
				630C9325236F101B003396F8 /* TitleLabel.swift in Sources */,
				630C9337236F170A003396F8 /* UIView+Layout.swift in Sources */,
				630C933D236F25E4003396F8 /* MainMenuItem.swift in Sources */,
				630C932B236F10CD003396F8 /* CaptionLabel.swift in Sources */,
				630DA67C236CDF440066DDE6 /* AppDelegate.swift in Sources */,
				630C9342236F2D24003396F8 /* Localization.swift in Sources */,
				630C9336236F170A003396F8 /* UIView+NibLoadAndAdd.swift in Sources */,
				630DA6BB236DFFBA0066DDE6 /* UserDefaultsSettingsService.swift in Sources */,
				630C932D236F10E4003396F8 /* HighlightedCaptionLabel.swift in Sources */,
			);
			runOnlyForDeploymentPostprocessing = 0;
		};
/* End PBXSourcesBuildPhase section */

/* Begin PBXVariantGroup section */
		630DA686236CDF450066DDE6 /* LaunchScreen.storyboard */ = {
			isa = PBXVariantGroup;
			children = (
				630DA687236CDF450066DDE6 /* Base */,
			);
			name = LaunchScreen.storyboard;
			sourceTree = "<group>";
		};
/* End PBXVariantGroup section */

/* Begin XCBuildConfiguration section */
		630DA6A4236DF2D90066DDE6 /* Prod */ = {
			isa = XCBuildConfiguration;
			baseConfigurationReference = 630DA6A0236DF0FD0066DDE6 /* Prod.xcconfig */;
			buildSettings = {
				ALWAYS_SEARCH_USER_PATHS = NO;
				CLANG_ANALYZER_NONNULL = YES;
				CLANG_ANALYZER_NUMBER_OBJECT_CONVERSION = YES_AGGRESSIVE;
				CLANG_CXX_LANGUAGE_STANDARD = "gnu++14";
				CLANG_CXX_LIBRARY = "libc++";
				CLANG_ENABLE_MODULES = YES;
				CLANG_ENABLE_OBJC_ARC = YES;
				CLANG_ENABLE_OBJC_WEAK = YES;
				CLANG_WARN_BLOCK_CAPTURE_AUTORELEASING = YES;
				CLANG_WARN_BOOL_CONVERSION = YES;
				CLANG_WARN_COMMA = YES;
				CLANG_WARN_CONSTANT_CONVERSION = YES;
				CLANG_WARN_DEPRECATED_OBJC_IMPLEMENTATIONS = YES;
				CLANG_WARN_DIRECT_OBJC_ISA_USAGE = YES_ERROR;
				CLANG_WARN_DOCUMENTATION_COMMENTS = YES;
				CLANG_WARN_EMPTY_BODY = YES;
				CLANG_WARN_ENUM_CONVERSION = YES;
				CLANG_WARN_INFINITE_RECURSION = YES;
				CLANG_WARN_INT_CONVERSION = YES;
				CLANG_WARN_NON_LITERAL_NULL_CONVERSION = YES;
				CLANG_WARN_OBJC_IMPLICIT_RETAIN_SELF = YES;
				CLANG_WARN_OBJC_LITERAL_CONVERSION = YES;
				CLANG_WARN_OBJC_ROOT_CLASS = YES_ERROR;
				CLANG_WARN_RANGE_LOOP_ANALYSIS = YES;
				CLANG_WARN_STRICT_PROTOTYPES = YES;
				CLANG_WARN_SUSPICIOUS_MOVE = YES;
				CLANG_WARN_UNGUARDED_AVAILABILITY = YES_AGGRESSIVE;
				CLANG_WARN_UNREACHABLE_CODE = YES;
				CLANG_WARN__DUPLICATE_METHOD_MATCH = YES;
				COPY_PHASE_STRIP = NO;
				DEBUG_INFORMATION_FORMAT = "dwarf-with-dsym";
				ENABLE_NS_ASSERTIONS = NO;
				ENABLE_STRICT_OBJC_MSGSEND = YES;
				GCC_C_LANGUAGE_STANDARD = gnu11;
				GCC_NO_COMMON_BLOCKS = YES;
				GCC_WARN_64_TO_32_BIT_CONVERSION = YES;
				GCC_WARN_ABOUT_RETURN_TYPE = YES_ERROR;
				GCC_WARN_UNDECLARED_SELECTOR = YES;
				GCC_WARN_UNINITIALIZED_AUTOS = YES_AGGRESSIVE;
				GCC_WARN_UNUSED_FUNCTION = YES;
				GCC_WARN_UNUSED_VARIABLE = YES;
				IPHONEOS_DEPLOYMENT_TARGET = 13.0;
				MTL_ENABLE_DEBUG_INFO = NO;
				MTL_FAST_MATH = YES;
				SDKROOT = iphoneos;
				SWIFT_OPTIMIZATION_LEVEL = "-Onone";
				SWIFT_VERSION = 5.0;
				VALIDATE_PRODUCT = YES;
			};
			name = Prod;
		};
		630DA6A5236DF2D90066DDE6 /* Prod */ = {
			isa = XCBuildConfiguration;
			baseConfigurationReference = 630DA6A0236DF0FD0066DDE6 /* Prod.xcconfig */;
			buildSettings = {
				ASSETCATALOG_COMPILER_APPICON_NAME = AppIcon;
				CODE_SIGN_STYLE = Automatic;
				DEVELOPMENT_ASSET_PATHS = "\"RMRSpbPortal/Resources/Preview Content\"";
				DEVELOPMENT_TEAM = SKRU67QKG5;
				ENABLE_PREVIEWS = YES;
				INFOPLIST_FILE = RMRSpbPortal/Info.plist;
				LD_RUNPATH_SEARCH_PATHS = (
					"$(inherited)",
					"@executable_path/Frameworks",
				);
				PRODUCT_BUNDLE_IDENTIFIER = com.redmadrobot.sbpportal;
				TARGETED_DEVICE_FAMILY = "1,2";
			};
			name = Prod;
		};
		630DA6A6236DF3000066DDE6 /* Dev */ = {
			isa = XCBuildConfiguration;
			baseConfigurationReference = 630DA69E236DF0C10066DDE6 /* Dev.xcconfig */;
			buildSettings = {
				ALWAYS_SEARCH_USER_PATHS = NO;
				CLANG_ANALYZER_NONNULL = YES;
				CLANG_ANALYZER_NUMBER_OBJECT_CONVERSION = YES_AGGRESSIVE;
				CLANG_CXX_LANGUAGE_STANDARD = "gnu++14";
				CLANG_CXX_LIBRARY = "libc++";
				CLANG_ENABLE_MODULES = YES;
				CLANG_ENABLE_OBJC_ARC = YES;
				CLANG_ENABLE_OBJC_WEAK = YES;
				CLANG_WARN_BLOCK_CAPTURE_AUTORELEASING = YES;
				CLANG_WARN_BOOL_CONVERSION = YES;
				CLANG_WARN_COMMA = YES;
				CLANG_WARN_CONSTANT_CONVERSION = YES;
				CLANG_WARN_DEPRECATED_OBJC_IMPLEMENTATIONS = YES;
				CLANG_WARN_DIRECT_OBJC_ISA_USAGE = YES_ERROR;
				CLANG_WARN_DOCUMENTATION_COMMENTS = YES;
				CLANG_WARN_EMPTY_BODY = YES;
				CLANG_WARN_ENUM_CONVERSION = YES;
				CLANG_WARN_INFINITE_RECURSION = YES;
				CLANG_WARN_INT_CONVERSION = YES;
				CLANG_WARN_NON_LITERAL_NULL_CONVERSION = YES;
				CLANG_WARN_OBJC_IMPLICIT_RETAIN_SELF = YES;
				CLANG_WARN_OBJC_LITERAL_CONVERSION = YES;
				CLANG_WARN_OBJC_ROOT_CLASS = YES_ERROR;
				CLANG_WARN_RANGE_LOOP_ANALYSIS = YES;
				CLANG_WARN_STRICT_PROTOTYPES = YES;
				CLANG_WARN_SUSPICIOUS_MOVE = YES;
				CLANG_WARN_UNGUARDED_AVAILABILITY = YES_AGGRESSIVE;
				CLANG_WARN_UNREACHABLE_CODE = YES;
				CLANG_WARN__DUPLICATE_METHOD_MATCH = YES;
				COPY_PHASE_STRIP = NO;
				DEBUG_INFORMATION_FORMAT = "dwarf-with-dsym";
				ENABLE_NS_ASSERTIONS = NO;
				ENABLE_STRICT_OBJC_MSGSEND = YES;
				GCC_C_LANGUAGE_STANDARD = gnu11;
				GCC_NO_COMMON_BLOCKS = YES;
				GCC_WARN_64_TO_32_BIT_CONVERSION = YES;
				GCC_WARN_ABOUT_RETURN_TYPE = YES_ERROR;
				GCC_WARN_UNDECLARED_SELECTOR = YES;
				GCC_WARN_UNINITIALIZED_AUTOS = YES_AGGRESSIVE;
				GCC_WARN_UNUSED_FUNCTION = YES;
				GCC_WARN_UNUSED_VARIABLE = YES;
				IPHONEOS_DEPLOYMENT_TARGET = 13.0;
				MTL_ENABLE_DEBUG_INFO = NO;
				MTL_FAST_MATH = YES;
				SDKROOT = iphoneos;
				SWIFT_OPTIMIZATION_LEVEL = "-Onone";
				SWIFT_VERSION = 5.0;
				VALIDATE_PRODUCT = YES;
			};
			name = Dev;
		};
		630DA6A7236DF3000066DDE6 /* Dev */ = {
			isa = XCBuildConfiguration;
			baseConfigurationReference = 630DA69E236DF0C10066DDE6 /* Dev.xcconfig */;
			buildSettings = {
				ASSETCATALOG_COMPILER_APPICON_NAME = AppIcon;
				CODE_SIGN_STYLE = Automatic;
				DEVELOPMENT_ASSET_PATHS = "\"RMRSpbPortal/Resources/Preview Content\"";
				DEVELOPMENT_TEAM = SKRU67QKG5;
				ENABLE_PREVIEWS = YES;
				INFOPLIST_FILE = RMRSpbPortal/Info.plist;
				LD_RUNPATH_SEARCH_PATHS = (
					"$(inherited)",
					"@executable_path/Frameworks",
				);
				PRODUCT_BUNDLE_IDENTIFIER = com.redmadrobot.sbpportal;
				TARGETED_DEVICE_FAMILY = "1,2";
			};
			name = Dev;
		};
		630DA6A8236DF30B0066DDE6 /* Mock */ = {
			isa = XCBuildConfiguration;
			baseConfigurationReference = 630DA69F236DF0EC0066DDE6 /* Mock.xcconfig */;
			buildSettings = {
				ALWAYS_SEARCH_USER_PATHS = NO;
				CLANG_ANALYZER_NONNULL = YES;
				CLANG_ANALYZER_NUMBER_OBJECT_CONVERSION = YES_AGGRESSIVE;
				CLANG_CXX_LANGUAGE_STANDARD = "gnu++14";
				CLANG_CXX_LIBRARY = "libc++";
				CLANG_ENABLE_MODULES = YES;
				CLANG_ENABLE_OBJC_ARC = YES;
				CLANG_ENABLE_OBJC_WEAK = YES;
				CLANG_WARN_BLOCK_CAPTURE_AUTORELEASING = YES;
				CLANG_WARN_BOOL_CONVERSION = YES;
				CLANG_WARN_COMMA = YES;
				CLANG_WARN_CONSTANT_CONVERSION = YES;
				CLANG_WARN_DEPRECATED_OBJC_IMPLEMENTATIONS = YES;
				CLANG_WARN_DIRECT_OBJC_ISA_USAGE = YES_ERROR;
				CLANG_WARN_DOCUMENTATION_COMMENTS = YES;
				CLANG_WARN_EMPTY_BODY = YES;
				CLANG_WARN_ENUM_CONVERSION = YES;
				CLANG_WARN_INFINITE_RECURSION = YES;
				CLANG_WARN_INT_CONVERSION = YES;
				CLANG_WARN_NON_LITERAL_NULL_CONVERSION = YES;
				CLANG_WARN_OBJC_IMPLICIT_RETAIN_SELF = YES;
				CLANG_WARN_OBJC_LITERAL_CONVERSION = YES;
				CLANG_WARN_OBJC_ROOT_CLASS = YES_ERROR;
				CLANG_WARN_RANGE_LOOP_ANALYSIS = YES;
				CLANG_WARN_STRICT_PROTOTYPES = YES;
				CLANG_WARN_SUSPICIOUS_MOVE = YES;
				CLANG_WARN_UNGUARDED_AVAILABILITY = YES_AGGRESSIVE;
				CLANG_WARN_UNREACHABLE_CODE = YES;
				CLANG_WARN__DUPLICATE_METHOD_MATCH = YES;
				COPY_PHASE_STRIP = NO;
				DEBUG_INFORMATION_FORMAT = "dwarf-with-dsym";
				ENABLE_NS_ASSERTIONS = NO;
				ENABLE_STRICT_OBJC_MSGSEND = YES;
				GCC_C_LANGUAGE_STANDARD = gnu11;
				GCC_NO_COMMON_BLOCKS = YES;
				GCC_WARN_64_TO_32_BIT_CONVERSION = YES;
				GCC_WARN_ABOUT_RETURN_TYPE = YES_ERROR;
				GCC_WARN_UNDECLARED_SELECTOR = YES;
				GCC_WARN_UNINITIALIZED_AUTOS = YES_AGGRESSIVE;
				GCC_WARN_UNUSED_FUNCTION = YES;
				GCC_WARN_UNUSED_VARIABLE = YES;
				IPHONEOS_DEPLOYMENT_TARGET = 13.0;
				MTL_ENABLE_DEBUG_INFO = NO;
				MTL_FAST_MATH = YES;
				SDKROOT = iphoneos;
				SWIFT_OPTIMIZATION_LEVEL = "-Onone";
				SWIFT_VERSION = 5.0;
				VALIDATE_PRODUCT = YES;
			};
			name = Mock;
		};
		630DA6A9236DF30B0066DDE6 /* Mock */ = {
			isa = XCBuildConfiguration;
			baseConfigurationReference = 630DA69F236DF0EC0066DDE6 /* Mock.xcconfig */;
			buildSettings = {
				ASSETCATALOG_COMPILER_APPICON_NAME = AppIcon;
				CODE_SIGN_STYLE = Automatic;
				DEVELOPMENT_ASSET_PATHS = "\"RMRSpbPortal/Resources/Preview Content\"";
				DEVELOPMENT_TEAM = SKRU67QKG5;
				ENABLE_PREVIEWS = YES;
				INFOPLIST_FILE = RMRSpbPortal/Info.plist;
				LD_RUNPATH_SEARCH_PATHS = (
					"$(inherited)",
					"@executable_path/Frameworks",
				);
				PRODUCT_BUNDLE_IDENTIFIER = com.redmadrobot.sbpportal;
				TARGETED_DEVICE_FAMILY = "1,2";
			};
			name = Mock;
		};
/* End XCBuildConfiguration section */

/* Begin XCConfigurationList section */
		630DA673236CDF440066DDE6 /* Build configuration list for PBXProject "RMRSpbPortal" */ = {
			isa = XCConfigurationList;
			buildConfigurations = (
				630DA6A4236DF2D90066DDE6 /* Prod */,
				630DA6A6236DF3000066DDE6 /* Dev */,
				630DA6A8236DF30B0066DDE6 /* Mock */,
			);
			defaultConfigurationIsVisible = 0;
			defaultConfigurationName = Prod;
		};
		630DA68C236CDF450066DDE6 /* Build configuration list for PBXNativeTarget "RMRSpbPortal" */ = {
			isa = XCConfigurationList;
			buildConfigurations = (
				630DA6A5236DF2D90066DDE6 /* Prod */,
				630DA6A7236DF3000066DDE6 /* Dev */,
				630DA6A9236DF30B0066DDE6 /* Mock */,
			);
			defaultConfigurationIsVisible = 0;
			defaultConfigurationName = Prod;
		};
/* End XCConfigurationList section */

/* Begin XCRemoteSwiftPackageReference section */
		630DA6B3236DFBB80066DDE6 /* XCRemoteSwiftPackageReference "legacy" */ = {
			isa = XCRemoteSwiftPackageReference;
			repositoryURL = "https://github.com/eugeneego/legacy";
			requirement = {
				kind = upToNextMajorVersion;
				minimumVersion = 7.0.4;
			};
		};
/* End XCRemoteSwiftPackageReference section */

/* Begin XCSwiftPackageProductDependency section */
		630DA6B4236DFBB80066DDE6 /* Legacy */ = {
			isa = XCSwiftPackageProductDependency;
			package = 630DA6B3236DFBB80066DDE6 /* XCRemoteSwiftPackageReference "legacy" */;
			productName = Legacy;
		};
/* End XCSwiftPackageProductDependency section */
	};
	rootObject = 630DA670236CDF440066DDE6 /* Project object */;
}
